// !$*UTF8*$!
{
	archiveVersion = 1;
	classes = {
	};
	objectVersion = 46;
	objects = {

/* Begin PBXBuildFile section */
		6D534C3D186577F8000197F5 /* UIViewController+Sentinel.m in Sources */ = {isa = PBXBuildFile; fileRef = 6D534C3C186577F8000197F5 /* UIViewController+Sentinel.m */; };
		6D534C401865788A000197F5 /* UITableView+Sentinel.m in Sources */ = {isa = PBXBuildFile; fileRef = 6D534C3F1865788A000197F5 /* UITableView+Sentinel.m */; };
		6D534C43186578B7000197F5 /* NSObject+Sentinel.m in Sources */ = {isa = PBXBuildFile; fileRef = 6D534C42186578B7000197F5 /* NSObject+Sentinel.m */; };
		6D70C4B71865819700E33D1D /* UICollectionView+Sentinel.m in Sources */ = {isa = PBXBuildFile; fileRef = 6D70C4B61865819700E33D1D /* UICollectionView+Sentinel.m */; };
		6D8DB84E1852D3AE009DA6BE /* Foundation.framework in Frameworks */ = {isa = PBXBuildFile; fileRef = 6D8DB84D1852D3AE009DA6BE /* Foundation.framework */; };
		6D8DB8501852D3AE009DA6BE /* CoreGraphics.framework in Frameworks */ = {isa = PBXBuildFile; fileRef = 6D8DB84F1852D3AE009DA6BE /* CoreGraphics.framework */; };
		6D8DB8521852D3AE009DA6BE /* UIKit.framework in Frameworks */ = {isa = PBXBuildFile; fileRef = 6D8DB8511852D3AE009DA6BE /* UIKit.framework */; };
		6D8DB8581852D3AE009DA6BE /* InfoPlist.strings in Resources */ = {isa = PBXBuildFile; fileRef = 6D8DB8561852D3AE009DA6BE /* InfoPlist.strings */; };
		6D8DB85A1852D3AE009DA6BE /* main.m in Sources */ = {isa = PBXBuildFile; fileRef = 6D8DB8591852D3AE009DA6BE /* main.m */; };
		6D8DB85E1852D3AE009DA6BE /* SSAppDelegate.m in Sources */ = {isa = PBXBuildFile; fileRef = 6D8DB85D1852D3AE009DA6BE /* SSAppDelegate.m */; };
		6D8DB8671852D3AF009DA6BE /* SSViewController.m in Sources */ = {isa = PBXBuildFile; fileRef = 6D8DB8661852D3AF009DA6BE /* SSViewController.m */; };
		6D8DB8691852D3AF009DA6BE /* Images.xcassets in Resources */ = {isa = PBXBuildFile; fileRef = 6D8DB8681852D3AF009DA6BE /* Images.xcassets */; };
		6D8DB8861852D790009DA6BE /* SSViewController.xib in Resources */ = {isa = PBXBuildFile; fileRef = 6D8DB8851852D790009DA6BE /* SSViewController.xib */; };
		6D8DB88A1852DD33009DA6BE /* SSRedViewController.m in Sources */ = {isa = PBXBuildFile; fileRef = 6D8DB8881852DD33009DA6BE /* SSRedViewController.m */; };
		6D8DB88B1852DD33009DA6BE /* SSRedViewController.xib in Resources */ = {isa = PBXBuildFile; fileRef = 6D8DB8891852DD33009DA6BE /* SSRedViewController.xib */; };
		6D8DB88F1852DD4F009DA6BE /* SSBlueViewController.m in Sources */ = {isa = PBXBuildFile; fileRef = 6D8DB88D1852DD4F009DA6BE /* SSBlueViewController.m */; };
		6D8DB8901852DD4F009DA6BE /* SSBlueViewController.xib in Resources */ = {isa = PBXBuildFile; fileRef = 6D8DB88E1852DD4F009DA6BE /* SSBlueViewController.xib */; };
/* End PBXBuildFile section */

/* Begin PBXFileReference section */
		6D534C1618642AEE000197F5 /* AfxMacros.h */ = {isa = PBXFileReference; lastKnownFileType = sourcecode.c.h; path = AfxMacros.h; sourceTree = "<group>"; };
		6D534C3B186577F8000197F5 /* UIViewController+Sentinel.h */ = {isa = PBXFileReference; fileEncoding = 4; lastKnownFileType = sourcecode.c.h; path = "UIViewController+Sentinel.h"; sourceTree = "<group>"; };
		6D534C3C186577F8000197F5 /* UIViewController+Sentinel.m */ = {isa = PBXFileReference; fileEncoding = 4; lastKnownFileType = sourcecode.c.objc; path = "UIViewController+Sentinel.m"; sourceTree = "<group>"; };
		6D534C3E1865788A000197F5 /* UITableView+Sentinel.h */ = {isa = PBXFileReference; fileEncoding = 4; lastKnownFileType = sourcecode.c.h; path = "UITableView+Sentinel.h"; sourceTree = "<group>"; };
		6D534C3F1865788A000197F5 /* UITableView+Sentinel.m */ = {isa = PBXFileReference; fileEncoding = 4; lastKnownFileType = sourcecode.c.objc; path = "UITableView+Sentinel.m"; sourceTree = "<group>"; };
		6D534C41186578B7000197F5 /* NSObject+Sentinel.h */ = {isa = PBXFileReference; fileEncoding = 4; lastKnownFileType = sourcecode.c.h; path = "NSObject+Sentinel.h"; sourceTree = "<group>"; };
		6D534C42186578B7000197F5 /* NSObject+Sentinel.m */ = {isa = PBXFileReference; fileEncoding = 4; lastKnownFileType = sourcecode.c.objc; path = "NSObject+Sentinel.m"; sourceTree = "<group>"; };
		6D70C4B51865819700E33D1D /* UICollectionView+Sentinel.h */ = {isa = PBXFileReference; fileEncoding = 4; lastKnownFileType = sourcecode.c.h; path = "UICollectionView+Sentinel.h"; sourceTree = "<group>"; };
		6D70C4B61865819700E33D1D /* UICollectionView+Sentinel.m */ = {isa = PBXFileReference; fileEncoding = 4; lastKnownFileType = sourcecode.c.objc; path = "UICollectionView+Sentinel.m"; sourceTree = "<group>"; };
		6D8DB84A1852D3AE009DA6BE /* Sentinel.app */ = {isa = PBXFileReference; explicitFileType = wrapper.application; includeInIndex = 0; path = Sentinel.app; sourceTree = BUILT_PRODUCTS_DIR; };
		6D8DB84D1852D3AE009DA6BE /* Foundation.framework */ = {isa = PBXFileReference; lastKnownFileType = wrapper.framework; name = Foundation.framework; path = System/Library/Frameworks/Foundation.framework; sourceTree = SDKROOT; };
		6D8DB84F1852D3AE009DA6BE /* CoreGraphics.framework */ = {isa = PBXFileReference; lastKnownFileType = wrapper.framework; name = CoreGraphics.framework; path = System/Library/Frameworks/CoreGraphics.framework; sourceTree = SDKROOT; };
		6D8DB8511852D3AE009DA6BE /* UIKit.framework */ = {isa = PBXFileReference; lastKnownFileType = wrapper.framework; name = UIKit.framework; path = System/Library/Frameworks/UIKit.framework; sourceTree = SDKROOT; };
		6D8DB8551852D3AE009DA6BE /* Sentinel-Info.plist */ = {isa = PBXFileReference; lastKnownFileType = text.plist.xml; path = "Sentinel-Info.plist"; sourceTree = "<group>"; };
		6D8DB8571852D3AE009DA6BE /* en */ = {isa = PBXFileReference; lastKnownFileType = text.plist.strings; name = en; path = en.lproj/InfoPlist.strings; sourceTree = "<group>"; };
		6D8DB8591852D3AE009DA6BE /* main.m */ = {isa = PBXFileReference; lastKnownFileType = sourcecode.c.objc; path = main.m; sourceTree = "<group>"; };
		6D8DB85B1852D3AE009DA6BE /* Sentinel-Prefix.pch */ = {isa = PBXFileReference; lastKnownFileType = sourcecode.c.h; path = "Sentinel-Prefix.pch"; sourceTree = "<group>"; };
		6D8DB85C1852D3AE009DA6BE /* SSAppDelegate.h */ = {isa = PBXFileReference; lastKnownFileType = sourcecode.c.h; path = SSAppDelegate.h; sourceTree = "<group>"; };
		6D8DB85D1852D3AE009DA6BE /* SSAppDelegate.m */ = {isa = PBXFileReference; lastKnownFileType = sourcecode.c.objc; path = SSAppDelegate.m; sourceTree = "<group>"; };
		6D8DB8651852D3AF009DA6BE /* SSViewController.h */ = {isa = PBXFileReference; lastKnownFileType = sourcecode.c.h; path = SSViewController.h; sourceTree = "<group>"; };
		6D8DB8661852D3AF009DA6BE /* SSViewController.m */ = {isa = PBXFileReference; lastKnownFileType = sourcecode.c.objc; path = SSViewController.m; sourceTree = "<group>"; };
		6D8DB8681852D3AF009DA6BE /* Images.xcassets */ = {isa = PBXFileReference; lastKnownFileType = folder.assetcatalog; path = Images.xcassets; sourceTree = "<group>"; };
		6D8DB86F1852D3AF009DA6BE /* XCTest.framework */ = {isa = PBXFileReference; lastKnownFileType = wrapper.framework; name = XCTest.framework; path = Library/Frameworks/XCTest.framework; sourceTree = DEVELOPER_DIR; };
		6D8DB8851852D790009DA6BE /* SSViewController.xib */ = {isa = PBXFileReference; fileEncoding = 4; lastKnownFileType = file.xib; path = SSViewController.xib; sourceTree = "<group>"; };
		6D8DB8871852DD33009DA6BE /* SSRedViewController.h */ = {isa = PBXFileReference; fileEncoding = 4; lastKnownFileType = sourcecode.c.h; path = SSRedViewController.h; sourceTree = "<group>"; };
		6D8DB8881852DD33009DA6BE /* SSRedViewController.m */ = {isa = PBXFileReference; fileEncoding = 4; lastKnownFileType = sourcecode.c.objc; path = SSRedViewController.m; sourceTree = "<group>"; };
		6D8DB8891852DD33009DA6BE /* SSRedViewController.xib */ = {isa = PBXFileReference; fileEncoding = 4; lastKnownFileType = file.xib; path = SSRedViewController.xib; sourceTree = "<group>"; };
		6D8DB88C1852DD4F009DA6BE /* SSBlueViewController.h */ = {isa = PBXFileReference; fileEncoding = 4; lastKnownFileType = sourcecode.c.h; path = SSBlueViewController.h; sourceTree = "<group>"; };
		6D8DB88D1852DD4F009DA6BE /* SSBlueViewController.m */ = {isa = PBXFileReference; fileEncoding = 4; lastKnownFileType = sourcecode.c.objc; path = SSBlueViewController.m; sourceTree = "<group>"; };
		6D8DB88E1852DD4F009DA6BE /* SSBlueViewController.xib */ = {isa = PBXFileReference; fileEncoding = 4; lastKnownFileType = file.xib; path = SSBlueViewController.xib; sourceTree = "<group>"; };
/* End PBXFileReference section */

/* Begin PBXFrameworksBuildPhase section */
		6D8DB8471852D3AE009DA6BE /* Frameworks */ = {
			isa = PBXFrameworksBuildPhase;
			buildActionMask = 2147483647;
			files = (
				6D8DB8501852D3AE009DA6BE /* CoreGraphics.framework in Frameworks */,
				6D8DB8521852D3AE009DA6BE /* UIKit.framework in Frameworks */,
				6D8DB84E1852D3AE009DA6BE /* Foundation.framework in Frameworks */,
			);
			runOnlyForDeploymentPostprocessing = 0;
		};
/* End PBXFrameworksBuildPhase section */

/* Begin PBXGroup section */
		6D534C341865748A000197F5 /* Hack */ = {
			isa = PBXGroup;
			children = (
				6D534C41186578B7000197F5 /* NSObject+Sentinel.h */,
				6D534C42186578B7000197F5 /* NSObject+Sentinel.m */,
				6D534C3E1865788A000197F5 /* UITableView+Sentinel.h */,
				6D534C3F1865788A000197F5 /* UITableView+Sentinel.m */,
				6D534C3B186577F8000197F5 /* UIViewController+Sentinel.h */,
				6D534C3C186577F8000197F5 /* UIViewController+Sentinel.m */,
				6D70C4B51865819700E33D1D /* UICollectionView+Sentinel.h */,
				6D70C4B61865819700E33D1D /* UICollectionView+Sentinel.m */,
			);
			path = Hack;
			sourceTree = "<group>";
		};
		6D8DB8411852D3AE009DA6BE = {
			isa = PBXGroup;
			children = (
				6D8DB8531852D3AE009DA6BE /* Sentinel */,
				6D8DB84C1852D3AE009DA6BE /* Frameworks */,
				6D8DB84B1852D3AE009DA6BE /* Products */,
			);
			sourceTree = "<group>";
		};
		6D8DB84B1852D3AE009DA6BE /* Products */ = {
			isa = PBXGroup;
			children = (
				6D8DB84A1852D3AE009DA6BE /* Sentinel.app */,
			);
			name = Products;
			sourceTree = "<group>";
		};
		6D8DB84C1852D3AE009DA6BE /* Frameworks */ = {
			isa = PBXGroup;
			children = (
				6D8DB84D1852D3AE009DA6BE /* Foundation.framework */,
				6D8DB84F1852D3AE009DA6BE /* CoreGraphics.framework */,
				6D8DB8511852D3AE009DA6BE /* UIKit.framework */,
				6D8DB86F1852D3AF009DA6BE /* XCTest.framework */,
			);
			name = Frameworks;
			sourceTree = "<group>";
		};
		6D8DB8531852D3AE009DA6BE /* Sentinel */ = {
			isa = PBXGroup;
			children = (
				6D534C341865748A000197F5 /* Hack */,
				6D8DB85C1852D3AE009DA6BE /* SSAppDelegate.h */,
				6D8DB85D1852D3AE009DA6BE /* SSAppDelegate.m */,
				6D8DB8651852D3AF009DA6BE /* SSViewController.h */,
				6D8DB8661852D3AF009DA6BE /* SSViewController.m */,
				6D8DB8851852D790009DA6BE /* SSViewController.xib */,
				6D8DB8681852D3AF009DA6BE /* Images.xcassets */,
				6D8DB8871852DD33009DA6BE /* SSRedViewController.h */,
				6D8DB8881852DD33009DA6BE /* SSRedViewController.m */,
				6D8DB8891852DD33009DA6BE /* SSRedViewController.xib */,
				6D8DB88C1852DD4F009DA6BE /* SSBlueViewController.h */,
				6D8DB88D1852DD4F009DA6BE /* SSBlueViewController.m */,
				6D8DB88E1852DD4F009DA6BE /* SSBlueViewController.xib */,
				6D8DB8541852D3AE009DA6BE /* Supporting Files */,
			);
			path = Sentinel;
			sourceTree = "<group>";
		};
		6D8DB8541852D3AE009DA6BE /* Supporting Files */ = {
			isa = PBXGroup;
			children = (
				6D534C1618642AEE000197F5 /* AfxMacros.h */,
				6D8DB8551852D3AE009DA6BE /* Sentinel-Info.plist */,
				6D8DB8561852D3AE009DA6BE /* InfoPlist.strings */,
				6D8DB8591852D3AE009DA6BE /* main.m */,
				6D8DB85B1852D3AE009DA6BE /* Sentinel-Prefix.pch */,
			);
			name = "Supporting Files";
			sourceTree = "<group>";
		};
/* End PBXGroup section */

/* Begin PBXNativeTarget section */
		6D8DB8491852D3AE009DA6BE /* Sentinel */ = {
			isa = PBXNativeTarget;
			buildConfigurationList = 6D8DB87F1852D3AF009DA6BE /* Build configuration list for PBXNativeTarget "Sentinel" */;
			buildPhases = (
				6D8DB8461852D3AE009DA6BE /* Sources */,
				6D8DB8471852D3AE009DA6BE /* Frameworks */,
				6D8DB8481852D3AE009DA6BE /* Resources */,
			);
			buildRules = (
			);
			dependencies = (
			);
			name = Sentinel;
			productName = Sentinel;
			productReference = 6D8DB84A1852D3AE009DA6BE /* Sentinel.app */;
			productType = "com.apple.product-type.application";
		};
/* End PBXNativeTarget section */

/* Begin PBXProject section */
		6D8DB8421852D3AE009DA6BE /* Project object */ = {
			isa = PBXProject;
			attributes = {
				CLASSPREFIX = SS;
				LastUpgradeCheck = 0500;
				ORGANIZATIONNAME = Slavik;
			};
			buildConfigurationList = 6D8DB8451852D3AE009DA6BE /* Build configuration list for PBXProject "Sentinel" */;
			compatibilityVersion = "Xcode 3.2";
			developmentRegion = English;
			hasScannedForEncodings = 0;
			knownRegions = (
				en,
				Base,
			);
			mainGroup = 6D8DB8411852D3AE009DA6BE;
			productRefGroup = 6D8DB84B1852D3AE009DA6BE /* Products */;
			projectDirPath = "";
			projectRoot = "";
			targets = (
				6D8DB8491852D3AE009DA6BE /* Sentinel */,
			);
		};
/* End PBXProject section */

/* Begin PBXResourcesBuildPhase section */
		6D8DB8481852D3AE009DA6BE /* Resources */ = {
			isa = PBXResourcesBuildPhase;
			buildActionMask = 2147483647;
			files = (
				6D8DB8901852DD4F009DA6BE /* SSBlueViewController.xib in Resources */,
				6D8DB88B1852DD33009DA6BE /* SSRedViewController.xib in Resources */,
				6D8DB8691852D3AF009DA6BE /* Images.xcassets in Resources */,
				6D8DB8861852D790009DA6BE /* SSViewController.xib in Resources */,
				6D8DB8581852D3AE009DA6BE /* InfoPlist.strings in Resources */,
			);
			runOnlyForDeploymentPostprocessing = 0;
		};
/* End PBXResourcesBuildPhase section */

/* Begin PBXSourcesBuildPhase section */
		6D8DB8461852D3AE009DA6BE /* Sources */ = {
			isa = PBXSourcesBuildPhase;
			buildActionMask = 2147483647;
			files = (
				6D534C3D186577F8000197F5 /* UIViewController+Sentinel.m in Sources */,
				6D8DB88F1852DD4F009DA6BE /* SSBlueViewController.m in Sources */,
				6D8DB88A1852DD33009DA6BE /* SSRedViewController.m in Sources */,
				6D8DB8671852D3AF009DA6BE /* SSViewController.m in Sources */,
				6D534C43186578B7000197F5 /* NSObject+Sentinel.m in Sources */,
				6D8DB85E1852D3AE009DA6BE /* SSAppDelegate.m in Sources */,
				6D70C4B71865819700E33D1D /* UICollectionView+Sentinel.m in Sources */,
				6D8DB85A1852D3AE009DA6BE /* main.m in Sources */,
				6D534C401865788A000197F5 /* UITableView+Sentinel.m in Sources */,
			);
			runOnlyForDeploymentPostprocessing = 0;
		};
/* End PBXSourcesBuildPhase section */

/* Begin PBXVariantGroup section */
		6D8DB8561852D3AE009DA6BE /* InfoPlist.strings */ = {
			isa = PBXVariantGroup;
			children = (
				6D8DB8571852D3AE009DA6BE /* en */,
			);
			name = InfoPlist.strings;
			sourceTree = "<group>";
		};
/* End PBXVariantGroup section */

/* Begin XCBuildConfiguration section */
		6D8DB87D1852D3AF009DA6BE /* Debug */ = {
			isa = XCBuildConfiguration;
			buildSettings = {
				ALWAYS_SEARCH_USER_PATHS = NO;
				ARCHS = "$(ARCHS_STANDARD_INCLUDING_64_BIT)";
				CLANG_CXX_LANGUAGE_STANDARD = "gnu++0x";
				CLANG_CXX_LIBRARY = "libc++";
				CLANG_ENABLE_MODULES = YES;
				CLANG_ENABLE_OBJC_ARC = YES;
				CLANG_WARN_BOOL_CONVERSION = YES;
				CLANG_WARN_CONSTANT_CONVERSION = YES;
				CLANG_WARN_DIRECT_OBJC_ISA_USAGE = YES_ERROR;
				CLANG_WARN_EMPTY_BODY = YES;
				CLANG_WARN_ENUM_CONVERSION = YES;
				CLANG_WARN_INT_CONVERSION = YES;
				CLANG_WARN_OBJC_ROOT_CLASS = YES_ERROR;
				CLANG_WARN__DUPLICATE_METHOD_MATCH = YES;
				"CODE_SIGN_IDENTITY[sdk=iphoneos*]" = "iPhone Developer";
				COPY_PHASE_STRIP = NO;
				GCC_C_LANGUAGE_STANDARD = gnu99;
				GCC_DYNAMIC_NO_PIC = NO;
				GCC_OPTIMIZATION_LEVEL = 0;
				GCC_PREPROCESSOR_DEFINITIONS = (
					"DEBUG=1",
					"$(inherited)",
				);
				GCC_SYMBOLS_PRIVATE_EXTERN = NO;
				GCC_WARN_64_TO_32_BIT_CONVERSION = YES;
				GCC_WARN_ABOUT_RETURN_TYPE = YES_ERROR;
				GCC_WARN_UNDECLARED_SELECTOR = YES;
				GCC_WARN_UNINITIALIZED_AUTOS = YES;
				GCC_WARN_UNUSED_FUNCTION = YES;
				GCC_WARN_UNUSED_VARIABLE = YES;
				IPHONEOS_DEPLOYMENT_TARGET = 7.0;
				ONLY_ACTIVE_ARCH = YES;
				SDKROOT = iphoneos;
				TARGETED_DEVICE_FAMILY = "1,2";
			};
			name = Debug;
		};
		6D8DB87E1852D3AF009DA6BE /* Release */ = {
			isa = XCBuildConfiguration;
			buildSettings = {
				ALWAYS_SEARCH_USER_PATHS = NO;
				ARCHS = "$(ARCHS_STANDARD_INCLUDING_64_BIT)";
				CLANG_CXX_LANGUAGE_STANDARD = "gnu++0x";
				CLANG_CXX_LIBRARY = "libc++";
				CLANG_ENABLE_MODULES = YES;
				CLANG_ENABLE_OBJC_ARC = YES;
				CLANG_WARN_BOOL_CONVERSION = YES;
				CLANG_WARN_CONSTANT_CONVERSION = YES;
				CLANG_WARN_DIRECT_OBJC_ISA_USAGE = YES_ERROR;
				CLANG_WARN_EMPTY_BODY = YES;
				CLANG_WARN_ENUM_CONVERSION = YES;
				CLANG_WARN_INT_CONVERSION = YES;
				CLANG_WARN_OBJC_ROOT_CLASS = YES_ERROR;
				CLANG_WARN__DUPLICATE_METHOD_MATCH = YES;
				"CODE_SIGN_IDENTITY[sdk=iphoneos*]" = "iPhone Developer";
				COPY_PHASE_STRIP = YES;
				ENABLE_NS_ASSERTIONS = NO;
				GCC_C_LANGUAGE_STANDARD = gnu99;
				GCC_WARN_64_TO_32_BIT_CONVERSION = YES;
				GCC_WARN_ABOUT_RETURN_TYPE = YES_ERROR;
				GCC_WARN_UNDECLARED_SELECTOR = YES;
				GCC_WARN_UNINITIALIZED_AUTOS = YES;
				GCC_WARN_UNUSED_FUNCTION = YES;
				GCC_WARN_UNUSED_VARIABLE = YES;
				IPHONEOS_DEPLOYMENT_TARGET = 7.0;
				SDKROOT = iphoneos;
				TARGETED_DEVICE_FAMILY = "1,2";
				VALIDATE_PRODUCT = YES;
			};
			name = Release;
		};
		6D8DB8801852D3AF009DA6BE /* Debug */ = {
			isa = XCBuildConfiguration;
			buildSettings = {
				ASSETCATALOG_COMPILER_APPICON_NAME = AppIcon;
				ASSETCATALOG_COMPILER_LAUNCHIMAGE_NAME = LaunchImage;
				GCC_PRECOMPILE_PREFIX_HEADER = YES;
				GCC_PREFIX_HEADER = "Sentinel/Sentinel-Prefix.pch";
				INFOPLIST_FILE = "Sentinel/Sentinel-Info.plist";
				PRODUCT_NAME = "$(TARGET_NAME)";
				WRAPPER_EXTENSION = app;
			};
			name = Debug;
		};
		6D8DB8811852D3AF009DA6BE /* Release */ = {
			isa = XCBuildConfiguration;
			buildSettings = {
				ASSETCATALOG_COMPILER_APPICON_NAME = AppIcon;
				ASSETCATALOG_COMPILER_LAUNCHIMAGE_NAME = LaunchImage;
				GCC_PRECOMPILE_PREFIX_HEADER = YES;
				GCC_PREFIX_HEADER = "Sentinel/Sentinel-Prefix.pch";
				INFOPLIST_FILE = "Sentinel/Sentinel-Info.plist";
				PRODUCT_NAME = "$(TARGET_NAME)";
				WRAPPER_EXTENSION = app;
			};
			name = Release;
		};
/* End XCBuildConfiguration section */

/* Begin XCConfigurationList section */
		6D8DB8451852D3AE009DA6BE /* Build configuration list for PBXProject "Sentinel" */ = {
			isa = XCConfigurationList;
			buildConfigurations = (
				6D8DB87D1852D3AF009DA6BE /* Debug */,
				6D8DB87E1852D3AF009DA6BE /* Release */,
			);
			defaultConfigurationIsVisible = 0;
			defaultConfigurationName = Release;
		};
		6D8DB87F1852D3AF009DA6BE /* Build configuration list for PBXNativeTarget "Sentinel" */ = {
			isa = XCConfigurationList;
			buildConfigurations = (
				6D8DB8801852D3AF009DA6BE /* Debug */,
				6D8DB8811852D3AF009DA6BE /* Release */,
			);
			defaultConfigurationIsVisible = 0;
			defaultConfigurationName = Release;
		};
/* End XCConfigurationList section */
	};
	rootObject = 6D8DB8421852D3AE009DA6BE /* Project object */;
}
